PODS:
  - UICircleSlider (1.0.1)

DEPENDENCIES:
  - UICircleSlider (= 1.0.1)

SPEC REPOS:
  https://github.com/cocoapods/specs.git:
    - UICircleSlider

SPEC CHECKSUMS:
  UICircleSlider: 1e5f5ecc5971a131c6fd650b969404b184ca1712

PODFILE CHECKSUM: cf226dcda2bb9b27dd919375794ec7276e47a1bd

COCOAPODS: 1.5.3
